
Microsoft Visual Studio Solution File, Format Version 12.00
# Visual Studio 15
VisualStudioVersion = 15.0.26124.0
MinimumVisualStudioVersion = 15.0.26124.0
Project("{FAE04EC0-301F-11D3-BF4B-00C04F79EFBC}") = "Squishy3", "Squishy3\Squishy3.csproj", "{9BD50292-2F2F-4D17-807A-B5FB0DFA3415}"
EndProject
Project("{FAE04EC0-301F-11D3-BF4B-00C04F79EFBC}") = "Squishy3.Tests", "Squishy3.Tests\Squishy3.Tests.csproj", "{3452493A-8107-4D27-9A69-07E9E30506AE}"
EndProject
Global
	GlobalSection(SolutionConfigurationPlatforms) = preSolution
		Debug|Any CPU = Debug|Any CPU
		Debug|x64 = Debug|x64
		Debug|x86 = Debug|x86
		Release|Any CPU = Release|Any CPU
		Release|x64 = Release|x64
		Release|x86 = Release|x86
	EndGlobalSection
	GlobalSection(SolutionProperties) = preSolution
		HideSolutionNode = FALSE
	EndGlobalSection
	GlobalSection(ProjectConfigurationPlatforms) = postSolution
		{9BD50292-2F2F-4D17-807A-B5FB0DFA3415}.Debug|Any CPU.ActiveCfg = Debug|Any CPU
		{9BD50292-2F2F-4D17-807A-B5FB0DFA3415}.Debug|Any CPU.Build.0 = Debug|Any CPU
		{9BD50292-2F2F-4D17-807A-B5FB0DFA3415}.Debug|x64.ActiveCfg = Debug|Any CPU
		{9BD50292-2F2F-4D17-807A-B5FB0DFA3415}.Debug|x64.Build.0 = Debug|Any CPU
		{9BD50292-2F2F-4D17-807A-B5FB0DFA3415}.Debug|x86.ActiveCfg = Debug|Any CPU
		{9BD50292-2F2F-4D17-807A-B5FB0DFA3415}.Debug|x86.Build.0 = Debug|Any CPU
		{9BD50292-2F2F-4D17-807A-B5FB0DFA3415}.Release|Any CPU.ActiveCfg = Release|Any CPU
		{9BD50292-2F2F-4D17-807A-B5FB0DFA3415}.Release|Any CPU.Build.0 = Release|Any CPU
		{9BD50292-2F2F-4D17-807A-B5FB0DFA3415}.Release|x64.ActiveCfg = Release|Any CPU
		{9BD50292-2F2F-4D17-807A-B5FB0DFA3415}.Release|x64.Build.0 = Release|Any CPU
		{9BD50292-2F2F-4D17-807A-B5FB0DFA3415}.Release|x86.ActiveCfg = Release|Any CPU
		{9BD50292-2F2F-4D17-807A-B5FB0DFA3415}.Release|x86.Build.0 = Release|Any CPU
		{3452493A-8107-4D27-9A69-07E9E30506AE}.Debug|Any CPU.ActiveCfg = Debug|Any CPU
		{3452493A-8107-4D27-9A69-07E9E30506AE}.Debug|Any CPU.Build.0 = Debug|Any CPU
		{3452493A-8107-4D27-9A69-07E9E30506AE}.Debug|x64.ActiveCfg = Debug|Any CPU
		{3452493A-8107-4D27-9A69-07E9E30506AE}.Debug|x64.Build.0 = Debug|Any CPU
		{3452493A-8107-4D27-9A69-07E9E30506AE}.Debug|x86.ActiveCfg = Debug|Any CPU
		{3452493A-8107-4D27-9A69-07E9E30506AE}.Debug|x86.Build.0 = Debug|Any CPU
		{3452493A-8107-4D27-9A69-07E9E30506AE}.Release|Any CPU.ActiveCfg = Release|Any CPU
		{3452493A-8107-4D27-9A69-07E9E30506AE}.Release|Any CPU.Build.0 = Release|Any CPU
		{3452493A-8107-4D27-9A69-07E9E30506AE}.Release|x64.ActiveCfg = Release|Any CPU
		{3452493A-8107-4D27-9A69-07E9E30506AE}.Release|x64.Build.0 = Release|Any CPU
		{3452493A-8107-4D27-9A69-07E9E30506AE}.Release|x86.ActiveCfg = Release|Any CPU
		{3452493A-8107-4D27-9A69-07E9E30506AE}.Release|x86.Build.0 = Release|Any CPU
	EndGlobalSection
EndGlobal
